
Microsoft Visual Studio Solution File, Format Version 12.00
# Visual Studio Version 17
VisualStudioVersion = 17.8.34601.278
MinimumVisualStudioVersion = 10.0.40219.1
Project("{FAE04EC0-301F-11D3-BF4B-00C04F79EFBC}") = "ProfileAPI", "ProfileAPI\ProfileAPI.csproj", "{461F2DC3-D531-4841-810F-B92BC310DAB7}"
EndProject
Global
	GlobalSection(SolutionConfigurationPlatforms) = preSolution
		Debug|Any CPU = Debug|Any CPU
		Release|Any CPU = Release|Any CPU
	EndGlobalSection
	GlobalSection(ProjectConfigurationPlatforms) = postSolution
		{461F2DC3-D531-4841-810F-B92BC310DAB7}.Debug|Any CPU.ActiveCfg = Debug|Any CPU
		{461F2DC3-D531-4841-810F-B92BC310DAB7}.Debug|Any CPU.Build.0 = Debug|Any CPU
		{461F2DC3-D531-4841-810F-B92BC310DAB7}.Release|Any CPU.ActiveCfg = Release|Any CPU
		{461F2DC3-D531-4841-810F-B92BC310DAB7}.Release|Any CPU.Build.0 = Release|Any CPU
	EndGlobalSection
	GlobalSection(SolutionProperties) = preSolution
		HideSolutionNode = FALSE
	EndGlobalSection
	GlobalSection(ExtensibilityGlobals) = postSolution
		SolutionGuid = {BD23BECD-5DFB-4474-84E6-C528619C220B}
	EndGlobalSection
EndGlobal
